
Microsoft Visual Studio Solution File, Format Version 12.00
Project("{FAE04EC0-301F-11D3-BF4B-00C04F79EFBC}") = "SampleWebApp.Oidc", "SampleWebApp.Oidc\SampleWebApp.Oidc.csproj", "{7863A0B6-2DC4-4BCA-A328-51AECA5FEC4C}"
EndProject
Project("{FAE04EC0-301F-11D3-BF4B-00C04F79EFBC}") = "SampleConsoleApp.DeviceAuthorizationFlow", "SampleConsoleApp.DeviceAuthorizationFlow\SampleConsoleApp.DeviceAuthorizationFlow.csproj", "{F92A3DF4-AFD8-4DE2-A647-C3EA55E016B3}"
EndProject
Global
	GlobalSection(SolutionConfigurationPlatforms) = preSolution
		Debug|Any CPU = Debug|Any CPU
		Release|Any CPU = Release|Any CPU
	EndGlobalSection
	GlobalSection(ProjectConfigurationPlatforms) = postSolution
		{7863A0B6-2DC4-4BCA-A328-51AECA5FEC4C}.Debug|Any CPU.ActiveCfg = Debug|Any CPU
		{7863A0B6-2DC4-4BCA-A328-51AECA5FEC4C}.Debug|Any CPU.Build.0 = Debug|Any CPU
		{7863A0B6-2DC4-4BCA-A328-51AECA5FEC4C}.Release|Any CPU.ActiveCfg = Release|Any CPU
		{7863A0B6-2DC4-4BCA-A328-51AECA5FEC4C}.Release|Any CPU.Build.0 = Release|Any CPU
		{F92A3DF4-AFD8-4DE2-A647-C3EA55E016B3}.Debug|Any CPU.ActiveCfg = Debug|Any CPU
		{F92A3DF4-AFD8-4DE2-A647-C3EA55E016B3}.Debug|Any CPU.Build.0 = Debug|Any CPU
		{F92A3DF4-AFD8-4DE2-A647-C3EA55E016B3}.Release|Any CPU.ActiveCfg = Release|Any CPU
		{F92A3DF4-AFD8-4DE2-A647-C3EA55E016B3}.Release|Any CPU.Build.0 = Release|Any CPU
	EndGlobalSection
EndGlobal
